
Microsoft Visual Studio Solution File, Format Version 12.00
# Visual Studio Version 17
VisualStudioVersion = 17.11.35312.102
MinimumVisualStudioVersion = 10.0.40219.1
Project("{9A19103F-16F7-4668-BE54-9A1E7A4F7556}") = "SnakeAIConsole", "SnakeAIConsole\SnakeAIConsole.csproj", "{C9A078F5-63F5-4F02-9D36-4B95C02DD617}"
EndProject
Project("{9A19103F-16F7-4668-BE54-9A1E7A4F7556}") = "SnakeAICore", "SnakeAICore\SnakeAICore.csproj", "{3F0C8BD9-D047-4AE0-A582-9866EBECD0F2}"
EndProject
Global
	GlobalSection(SolutionConfigurationPlatforms) = preSolution
		Debug|Any CPU = Debug|Any CPU
		Release|Any CPU = Release|Any CPU
	EndGlobalSection
	GlobalSection(ProjectConfigurationPlatforms) = postSolution
		{C9A078F5-63F5-4F02-9D36-4B95C02DD617}.Debug|Any CPU.ActiveCfg = Debug|Any CPU
		{C9A078F5-63F5-4F02-9D36-4B95C02DD617}.Debug|Any CPU.Build.0 = Debug|Any CPU
		{C9A078F5-63F5-4F02-9D36-4B95C02DD617}.Release|Any CPU.ActiveCfg = Release|Any CPU
		{C9A078F5-63F5-4F02-9D36-4B95C02DD617}.Release|Any CPU.Build.0 = Release|Any CPU
		{3F0C8BD9-D047-4AE0-A582-9866EBECD0F2}.Debug|Any CPU.ActiveCfg = Debug|Any CPU
		{3F0C8BD9-D047-4AE0-A582-9866EBECD0F2}.Debug|Any CPU.Build.0 = Debug|Any CPU
		{3F0C8BD9-D047-4AE0-A582-9866EBECD0F2}.Release|Any CPU.ActiveCfg = Release|Any CPU
		{3F0C8BD9-D047-4AE0-A582-9866EBECD0F2}.Release|Any CPU.Build.0 = Release|Any CPU
	EndGlobalSection
	GlobalSection(SolutionProperties) = preSolution
		HideSolutionNode = FALSE
	EndGlobalSection
	GlobalSection(ExtensibilityGlobals) = postSolution
		SolutionGuid = {849A11E0-BD99-41C5-A14A-DA1CAD9D59B0}
	EndGlobalSection
EndGlobal
